version = 1
revision = 3
requires-python = ">=3.12"

[[package]]
name = "2025"
version = "0.1.0"
source = { virtual = "." }

[package.dev-dependencies]
dev = [
    { name = "parsita" },
    { name = "tqdm" },
]

[package.metadata]

[package.metadata.requires-dev]
dev = [
    { name = "parsita", specifier = ">=2.2.4" },
    { name = "tqdm", specifier = ">=4.67.1" },
]

[[package]]
name = "colorama"
version = "0.4.6"
source = { registry = "https://pypi.org/simple" }
sdist = { url = "https://files.pythonhosted.org/packages/d8/53/6f443c9a4a8358a93a6792e2acffb9d9d5cb0a5cfd8802644b7b1c9a02e4/colorama-0.4.6.tar.gz", hash = "sha256:08695f5cb7ed6e0531a20572697297273c47b8cae5a63ffc6d6ed5c201be6e44", size = 27697, upload-time = "2022-10-25T02:36:22.414Z" }
wheels = [
    { url = "https://files.pythonhosted.org/packages/d1/d6/3965ed04c63042e047cb6a3e6ed1a63a35087b6a609aa3a15ed8ac56c221/colorama-0.4.6-py2.py3-none-any.whl", hash = "sha256:4f1d9991f5acc0ca119f9d443620b77f9d6b33703e51011c16baf57afb285fc6", size = 25335, upload-time = "2022-10-25T02:36:20.889Z" },
]

[[package]]
name = "parsita"
version = "2.2.4"
source = { registry = "https://pypi.org/simple" }
dependencies = [
    { name = "returns" },
]
sdist = { url = "https://files.pythonhosted.org/packages/f9/da/aea43cab802f53b4b3095ccbf4328dc720b044a0017239dea3b93cd63812/parsita-2.2.4.tar.gz", hash = "sha256:d9615df5bdc2c8354ba7918f9be0a81cd121113e0f5a4da3247ec3927babf5cd", size = 18711, upload-time = "2025-10-22T10:15:20.758Z" }
wheels = [
    { url = "https://files.pythonhosted.org/packages/62/3e/5d687570521779cd8f7ef63fc6f99adf80918d25f4f85996804f3d31023e/parsita-2.2.4-py3-none-any.whl", hash = "sha256:b10cd614317b15ebed1ac4d0e6239110f9d3bf578c756b5c427bd69cd8d5bd05", size = 29566, upload-time = "2025-10-22T10:15:19.66Z" },
]

[[package]]
name = "returns"
version = "0.26.0"
source = { registry = "https://pypi.org/simple" }
dependencies = [
    { name = "typing-extensions" },
]
sdist = { url = "https://files.pythonhosted.org/packages/06/c2/6dda7ef39464568152e35c766a8b49ab1cdb1b03a5891441a7c2fa40dc61/returns-0.26.0.tar.gz", hash = "sha256:180320e0f6e9ea9845330ccfc020f542330f05b7250941d9b9b7c00203fcc3da", size = 105300, upload-time = "2025-07-24T13:11:21.772Z" }
wheels = [
    { url = "https://files.pythonhosted.org/packages/57/4d/a7545bf6c62b0dbe5795f22ea9e88cc070fdced5c34663ebc5bed2f610c0/returns-0.26.0-py3-none-any.whl", hash = "sha256:7cae94c730d6c56ffd9d0f583f7a2c0b32cfe17d141837150c8e6cff3eb30d71", size = 160515, upload-time = "2025-07-24T13:11:20.041Z" },
]

[[package]]
name = "tqdm"
version = "4.67.1"
source = { registry = "https://pypi.org/simple" }
dependencies = [
    { name = "colorama", marker = "sys_platform == 'win32'" },
]
sdist = { url = "https://files.pythonhosted.org/packages/a8/4b/29b4ef32e036bb34e4ab51796dd745cdba7ed47ad142a9f4a1eb8e0c744d/tqdm-4.67.1.tar.gz", hash = "sha256:f8aef9c52c08c13a65f30ea34f4e5aac3fd1a34959879d7e59e63027286627f2", size = 169737, upload-time = "2024-11-24T20:12:22.481Z" }
wheels = [
    { url = "https://files.pythonhosted.org/packages/d0/30/dc54f88dd4a2b5dc8a0279bdd7270e735851848b762aeb1c1184ed1f6b14/tqdm-4.67.1-py3-none-any.whl", hash = "sha256:26445eca388f82e72884e0d580d5464cd801a3ea01e63e5601bdff9ba6a48de2", size = 78540, upload-time = "2024-11-24T20:12:19.698Z" },
]

[[package]]
name = "typing-extensions"
version = "4.15.0"
source = { registry = "https://pypi.org/simple" }
sdist = { url = "https://files.pythonhosted.org/packages/72/94/1a15dd82efb362ac84269196e94cf00f187f7ed21c242792a923cdb1c61f/typing_extensions-4.15.0.tar.gz", hash = "sha256:0cea48d173cc12fa28ecabc3b837ea3cf6f38c6d1136f85cbaaf598984861466", size = 109391, upload-time = "2025-08-25T13:49:26.313Z" }
wheels = [
    { url = "https://files.pythonhosted.org/packages/18/67/36e9267722cc04a6b9f15c7f3441c2363321a3ea07da7ae0c0707beb2a9c/typing_extensions-4.15.0-py3-none-any.whl", hash = "sha256:f0fa19c6845758ab08074a0cfa8b7aecb71c999ca73d62883bc25cc018c4e548", size = 44614, upload-time = "2025-08-25T13:49:24.86Z" },
]
